// !$*UTF8*$!
{
	archiveVersion = 1;
	classes = {
	};
	objectVersion = 50;
	objects = {

/* Begin PBXBuildFile section */
		7F45B3D9269D610E00697FA7 /* AppDelegate.swift in Sources */ = {isa = PBXBuildFile; fileRef = 7F45B3D8269D610E00697FA7 /* AppDelegate.swift */; };
		7F45B3DB269D610E00697FA7 /* SceneDelegate.swift in Sources */ = {isa = PBXBuildFile; fileRef = 7F45B3DA269D610E00697FA7 /* SceneDelegate.swift */; };
		7F45B3DD269D610E00697FA7 /* ViewController.swift in Sources */ = {isa = PBXBuildFile; fileRef = 7F45B3DC269D610E00697FA7 /* ViewController.swift */; };
		7F45B3E0269D610E00697FA7 /* Main.storyboard in Resources */ = {isa = PBXBuildFile; fileRef = 7F45B3DE269D610E00697FA7 /* Main.storyboard */; };
		7F45B3E2269D612500697FA7 /* Assets.xcassets in Resources */ = {isa = PBXBuildFile; fileRef = 7F45B3E1269D612500697FA7 /* Assets.xcassets */; };
		7F45B3E5269D612500697FA7 /* LaunchScreen.storyboard in Resources */ = {isa = PBXBuildFile; fileRef = 7F45B3E3269D612500697FA7 /* LaunchScreen.storyboard */; };
		7F45B3F0269D612600697FA7 /* APIDataAlamofireTests.swift in Sources */ = {isa = PBXBuildFile; fileRef = 7F45B3EF269D612600697FA7 /* APIDataAlamofireTests.swift */; };
		7F45B3FB269D612600697FA7 /* APIDataAlamofireUITests.swift in Sources */ = {isa = PBXBuildFile; fileRef = 7F45B3FA269D612600697FA7 /* APIDataAlamofireUITests.swift */; };
/* End PBXBuildFile section */

/* Begin PBXContainerItemProxy section */
		7F45B3EC269D612600697FA7 /* PBXContainerItemProxy */ = {
			isa = PBXContainerItemProxy;
			containerPortal = 7F45B3CD269D610E00697FA7 /* Project object */;
			proxyType = 1;
			remoteGlobalIDString = 7F45B3D4269D610E00697FA7;
			remoteInfo = APIDataAlamofire;
		};
		7F45B3F7269D612600697FA7 /* PBXContainerItemProxy */ = {
			isa = PBXContainerItemProxy;
			containerPortal = 7F45B3CD269D610E00697FA7 /* Project object */;
			proxyType = 1;
			remoteGlobalIDString = 7F45B3D4269D610E00697FA7;
			remoteInfo = APIDataAlamofire;
		};
/* End PBXContainerItemProxy section */

/* Begin PBXFileReference section */
		7F45B3D5269D610E00697FA7 /* APIDataAlamofire.app */ = {isa = PBXFileReference; explicitFileType = wrapper.application; includeInIndex = 0; path = APIDataAlamofire.app; sourceTree = BUILT_PRODUCTS_DIR; };
		7F45B3D8269D610E00697FA7 /* AppDelegate.swift */ = {isa = PBXFileReference; lastKnownFileType = sourcecode.swift; path = AppDelegate.swift; sourceTree = "<group>"; };
		7F45B3DA269D610E00697FA7 /* SceneDelegate.swift */ = {isa = PBXFileReference; lastKnownFileType = sourcecode.swift; path = SceneDelegate.swift; sourceTree = "<group>"; };
		7F45B3DC269D610E00697FA7 /* ViewController.swift */ = {isa = PBXFileReference; lastKnownFileType = sourcecode.swift; path = ViewController.swift; sourceTree = "<group>"; };
		7F45B3DF269D610E00697FA7 /* Base */ = {isa = PBXFileReference; lastKnownFileType = file.storyboard; name = Base; path = Base.lproj/Main.storyboard; sourceTree = "<group>"; };
		7F45B3E1269D612500697FA7 /* Assets.xcassets */ = {isa = PBXFileReference; lastKnownFileType = folder.assetcatalog; path = Assets.xcassets; sourceTree = "<group>"; };
		7F45B3E4269D612500697FA7 /* Base */ = {isa = PBXFileReference; lastKnownFileType = file.storyboard; name = Base; path = Base.lproj/LaunchScreen.storyboard; sourceTree = "<group>"; };
		7F45B3E6269D612500697FA7 /* Info.plist */ = {isa = PBXFileReference; lastKnownFileType = text.plist.xml; path = Info.plist; sourceTree = "<group>"; };
		7F45B3EB269D612600697FA7 /* APIDataAlamofireTests.xctest */ = {isa = PBXFileReference; explicitFileType = wrapper.cfbundle; includeInIndex = 0; path = APIDataAlamofireTests.xctest; sourceTree = BUILT_PRODUCTS_DIR; };
		7F45B3EF269D612600697FA7 /* APIDataAlamofireTests.swift */ = {isa = PBXFileReference; lastKnownFileType = sourcecode.swift; path = APIDataAlamofireTests.swift; sourceTree = "<group>"; };
		7F45B3F1269D612600697FA7 /* Info.plist */ = {isa = PBXFileReference; lastKnownFileType = text.plist.xml; path = Info.plist; sourceTree = "<group>"; };
		7F45B3F6269D612600697FA7 /* APIDataAlamofireUITests.xctest */ = {isa = PBXFileReference; explicitFileType = wrapper.cfbundle; includeInIndex = 0; path = APIDataAlamofireUITests.xctest; sourceTree = BUILT_PRODUCTS_DIR; };
		7F45B3FA269D612600697FA7 /* APIDataAlamofireUITests.swift */ = {isa = PBXFileReference; lastKnownFileType = sourcecode.swift; path = APIDataAlamofireUITests.swift; sourceTree = "<group>"; };
		7F45B3FC269D612600697FA7 /* Info.plist */ = {isa = PBXFileReference; lastKnownFileType = text.plist.xml; path = Info.plist; sourceTree = "<group>"; };
/* End PBXFileReference section */

/* Begin PBXFrameworksBuildPhase section */
		7F45B3D2269D610E00697FA7 /* Frameworks */ = {
			isa = PBXFrameworksBuildPhase;
			buildActionMask = 2147483647;
			files = (
			);
			runOnlyForDeploymentPostprocessing = 0;
		};
		7F45B3E8269D612600697FA7 /* Frameworks */ = {
			isa = PBXFrameworksBuildPhase;
			buildActionMask = 2147483647;
			files = (
			);
			runOnlyForDeploymentPostprocessing = 0;
		};
		7F45B3F3269D612600697FA7 /* Frameworks */ = {
			isa = PBXFrameworksBuildPhase;
			buildActionMask = 2147483647;
			files = (
			);
			runOnlyForDeploymentPostprocessing = 0;
		};
/* End PBXFrameworksBuildPhase section */

/* Begin PBXGroup section */
		7F45B3CC269D610E00697FA7 = {
			isa = PBXGroup;
			children = (
				7F45B3D7269D610E00697FA7 /* APIDataAlamofire */,
				7F45B3EE269D612600697FA7 /* APIDataAlamofireTests */,
				7F45B3F9269D612600697FA7 /* APIDataAlamofireUITests */,
				7F45B3D6269D610E00697FA7 /* Products */,
			);
			sourceTree = "<group>";
		};
		7F45B3D6269D610E00697FA7 /* Products */ = {
			isa = PBXGroup;
			children = (
				7F45B3D5269D610E00697FA7 /* APIDataAlamofire.app */,
				7F45B3EB269D612600697FA7 /* APIDataAlamofireTests.xctest */,
				7F45B3F6269D612600697FA7 /* APIDataAlamofireUITests.xctest */,
			);
			name = Products;
			sourceTree = "<group>";
		};
		7F45B3D7269D610E00697FA7 /* APIDataAlamofire */ = {
			isa = PBXGroup;
			children = (
				7F45B3D8269D610E00697FA7 /* AppDelegate.swift */,
				7F45B3DA269D610E00697FA7 /* SceneDelegate.swift */,
				7F45B3DC269D610E00697FA7 /* ViewController.swift */,
				7F45B3DE269D610E00697FA7 /* Main.storyboard */,
				7F45B3E1269D612500697FA7 /* Assets.xcassets */,
				7F45B3E3269D612500697FA7 /* LaunchScreen.storyboard */,
				7F45B3E6269D612500697FA7 /* Info.plist */,
			);
			path = APIDataAlamofire;
			sourceTree = "<group>";
		};
		7F45B3EE269D612600697FA7 /* APIDataAlamofireTests */ = {
			isa = PBXGroup;
			children = (
				7F45B3EF269D612600697FA7 /* APIDataAlamofireTests.swift */,
				7F45B3F1269D612600697FA7 /* Info.plist */,
			);
			path = APIDataAlamofireTests;
			sourceTree = "<group>";
		};
		7F45B3F9269D612600697FA7 /* APIDataAlamofireUITests */ = {
			isa = PBXGroup;
			children = (
				7F45B3FA269D612600697FA7 /* APIDataAlamofireUITests.swift */,
				7F45B3FC269D612600697FA7 /* Info.plist */,
			);
			path = APIDataAlamofireUITests;
			sourceTree = "<group>";
		};
/* End PBXGroup section */

/* Begin PBXNativeTarget section */
		7F45B3D4269D610E00697FA7 /* APIDataAlamofire */ = {
			isa = PBXNativeTarget;
			buildConfigurationList = 7F45B3FF269D612600697FA7 /* Build configuration list for PBXNativeTarget "APIDataAlamofire" */;
			buildPhases = (
				7F45B3D1269D610E00697FA7 /* Sources */,
				7F45B3D2269D610E00697FA7 /* Frameworks */,
				7F45B3D3269D610E00697FA7 /* Resources */,
			);
			buildRules = (
			);
			dependencies = (
			);
			name = APIDataAlamofire;
			productName = APIDataAlamofire;
			productReference = 7F45B3D5269D610E00697FA7 /* APIDataAlamofire.app */;
			productType = "com.apple.product-type.application";
		};
		7F45B3EA269D612600697FA7 /* APIDataAlamofireTests */ = {
			isa = PBXNativeTarget;
			buildConfigurationList = 7F45B402269D612600697FA7 /* Build configuration list for PBXNativeTarget "APIDataAlamofireTests" */;
			buildPhases = (
				7F45B3E7269D612600697FA7 /* Sources */,
				7F45B3E8269D612600697FA7 /* Frameworks */,
				7F45B3E9269D612600697FA7 /* Resources */,
			);
			buildRules = (
			);
			dependencies = (
				7F45B3ED269D612600697FA7 /* PBXTargetDependency */,
			);
			name = APIDataAlamofireTests;
			productName = APIDataAlamofireTests;
			productReference = 7F45B3EB269D612600697FA7 /* APIDataAlamofireTests.xctest */;
			productType = "com.apple.product-type.bundle.unit-test";
		};
		7F45B3F5269D612600697FA7 /* APIDataAlamofireUITests */ = {
			isa = PBXNativeTarget;
			buildConfigurationList = 7F45B405269D612600697FA7 /* Build configuration list for PBXNativeTarget "APIDataAlamofireUITests" */;
			buildPhases = (
				7F45B3F2269D612600697FA7 /* Sources */,
				7F45B3F3269D612600697FA7 /* Frameworks */,
				7F45B3F4269D612600697FA7 /* Resources */,
			);
			buildRules = (
			);
			dependencies = (
				7F45B3F8269D612600697FA7 /* PBXTargetDependency */,
			);
			name = APIDataAlamofireUITests;
			productName = APIDataAlamofireUITests;
			productReference = 7F45B3F6269D612600697FA7 /* APIDataAlamofireUITests.xctest */;
			productType = "com.apple.product-type.bundle.ui-testing";
		};
/* End PBXNativeTarget section */

/* Begin PBXProject section */
		7F45B3CD269D610E00697FA7 /* Project object */ = {
			isa = PBXProject;
			attributes = {
				LastSwiftUpdateCheck = 1240;
				LastUpgradeCheck = 1240;
				TargetAttributes = {
					7F45B3D4269D610E00697FA7 = {
						CreatedOnToolsVersion = 12.4;
					};
					7F45B3EA269D612600697FA7 = {
						CreatedOnToolsVersion = 12.4;
						TestTargetID = 7F45B3D4269D610E00697FA7;
					};
					7F45B3F5269D612600697FA7 = {
						CreatedOnToolsVersion = 12.4;
						TestTargetID = 7F45B3D4269D610E00697FA7;
					};
				};
			};
			buildConfigurationList = 7F45B3D0269D610E00697FA7 /* Build configuration list for PBXProject "APIDataAlamofire" */;
			compatibilityVersion = "Xcode 9.3";
			developmentRegion = en;
			hasScannedForEncodings = 0;
			knownRegions = (
				en,
				Base,
			);
			mainGroup = 7F45B3CC269D610E00697FA7;
			productRefGroup = 7F45B3D6269D610E00697FA7 /* Products */;
			projectDirPath = "";
			projectRoot = "";
			targets = (
				7F45B3D4269D610E00697FA7 /* APIDataAlamofire */,
				7F45B3EA269D612600697FA7 /* APIDataAlamofireTests */,
				7F45B3F5269D612600697FA7 /* APIDataAlamofireUITests */,
			);
		};
/* End PBXProject section */

/* Begin PBXResourcesBuildPhase section */
		7F45B3D3269D610E00697FA7 /* Resources */ = {
			isa = PBXResourcesBuildPhase;
			buildActionMask = 2147483647;
			files = (
				7F45B3E5269D612500697FA7 /* LaunchScreen.storyboard in Resources */,
				7F45B3E2269D612500697FA7 /* Assets.xcassets in Resources */,
				7F45B3E0269D610E00697FA7 /* Main.storyboard in Resources */,
			);
			runOnlyForDeploymentPostprocessing = 0;
		};
		7F45B3E9269D612600697FA7 /* Resources */ = {
			isa = PBXResourcesBuildPhase;
			buildActionMask = 2147483647;
			files = (
			);
			runOnlyForDeploymentPostprocessing = 0;
		};
		7F45B3F4269D612600697FA7 /* Resources */ = {
			isa = PBXResourcesBuildPhase;
			buildActionMask = 2147483647;
			files = (
			);
			runOnlyForDeploymentPostprocessing = 0;
		};
/* End PBXResourcesBuildPhase section */

/* Begin PBXSourcesBuildPhase section */
		7F45B3D1269D610E00697FA7 /* Sources */ = {
			isa = PBXSourcesBuildPhase;
			buildActionMask = 2147483647;
			files = (
				7F45B3DD269D610E00697FA7 /* ViewController.swift in Sources */,
				7F45B3D9269D610E00697FA7 /* AppDelegate.swift in Sources */,
				7F45B3DB269D610E00697FA7 /* SceneDelegate.swift in Sources */,
			);
			runOnlyForDeploymentPostprocessing = 0;
		};
		7F45B3E7269D612600697FA7 /* Sources */ = {
			isa = PBXSourcesBuildPhase;
			buildActionMask = 2147483647;
			files = (
				7F45B3F0269D612600697FA7 /* APIDataAlamofireTests.swift in Sources */,
			);
			runOnlyForDeploymentPostprocessing = 0;
		};
		7F45B3F2269D612600697FA7 /* Sources */ = {
			isa = PBXSourcesBuildPhase;
			buildActionMask = 2147483647;
			files = (
				7F45B3FB269D612600697FA7 /* APIDataAlamofireUITests.swift in Sources */,
			);
			runOnlyForDeploymentPostprocessing = 0;
		};
/* End PBXSourcesBuildPhase section */

/* Begin PBXTargetDependency section */
		7F45B3ED269D612600697FA7 /* PBXTargetDependency */ = {
			isa = PBXTargetDependency;
			target = 7F45B3D4269D610E00697FA7 /* APIDataAlamofire */;
			targetProxy = 7F45B3EC269D612600697FA7 /* PBXContainerItemProxy */;
		};
		7F45B3F8269D612600697FA7 /* PBXTargetDependency */ = {
			isa = PBXTargetDependency;
			target = 7F45B3D4269D610E00697FA7 /* APIDataAlamofire */;
			targetProxy = 7F45B3F7269D612600697FA7 /* PBXContainerItemProxy */;
		};
/* End PBXTargetDependency section */

/* Begin PBXVariantGroup section */
		7F45B3DE269D610E00697FA7 /* Main.storyboard */ = {
			isa = PBXVariantGroup;
			children = (
				7F45B3DF269D610E00697FA7 /* Base */,
			);
			name = Main.storyboard;
			sourceTree = "<group>";
		};
		7F45B3E3269D612500697FA7 /* LaunchScreen.storyboard */ = {
			isa = PBXVariantGroup;
			children = (
				7F45B3E4269D612500697FA7 /* Base */,
			);
			name = LaunchScreen.storyboard;
			sourceTree = "<group>";
		};
/* End PBXVariantGroup section */

/* Begin XCBuildConfiguration section */
		7F45B3FD269D612600697FA7 /* Debug */ = {
			isa = XCBuildConfiguration;
			buildSettings = {
				ALWAYS_SEARCH_USER_PATHS = NO;
				CLANG_ANALYZER_NONNULL = YES;
				CLANG_ANALYZER_NUMBER_OBJECT_CONVERSION = YES_AGGRESSIVE;
				CLANG_CXX_LANGUAGE_STANDARD = "gnu++14";
				CLANG_CXX_LIBRARY = "libc++";
				CLANG_ENABLE_MODULES = YES;
				CLANG_ENABLE_OBJC_ARC = YES;
				CLANG_ENABLE_OBJC_WEAK = YES;
				CLANG_WARN_BLOCK_CAPTURE_AUTORELEASING = YES;
				CLANG_WARN_BOOL_CONVERSION = YES;
				CLANG_WARN_COMMA = YES;
				CLANG_WARN_CONSTANT_CONVERSION = YES;
				CLANG_WARN_DEPRECATED_OBJC_IMPLEMENTATIONS = YES;
				CLANG_WARN_DIRECT_OBJC_ISA_USAGE = YES_ERROR;
				CLANG_WARN_DOCUMENTATION_COMMENTS = YES;
				CLANG_WARN_EMPTY_BODY = YES;
				CLANG_WARN_ENUM_CONVERSION = YES;
				CLANG_WARN_INFINITE_RECURSION = YES;
				CLANG_WARN_INT_CONVERSION = YES;
				CLANG_WARN_NON_LITERAL_NULL_CONVERSION = YES;
				CLANG_WARN_OBJC_IMPLICIT_RETAIN_SELF = YES;
				CLANG_WARN_OBJC_LITERAL_CONVERSION = YES;
				CLANG_WARN_OBJC_ROOT_CLASS = YES_ERROR;
				CLANG_WARN_QUOTED_INCLUDE_IN_FRAMEWORK_HEADER = YES;
				CLANG_WARN_RANGE_LOOP_ANALYSIS = YES;
				CLANG_WARN_STRICT_PROTOTYPES = YES;
				CLANG_WARN_SUSPICIOUS_MOVE = YES;
				CLANG_WARN_UNGUARDED_AVAILABILITY = YES_AGGRESSIVE;
				CLANG_WARN_UNREACHABLE_CODE = YES;
				CLANG_WARN__DUPLICATE_METHOD_MATCH = YES;
				COPY_PHASE_STRIP = NO;
				DEBUG_INFORMATION_FORMAT = dwarf;
				ENABLE_STRICT_OBJC_MSGSEND = YES;
				ENABLE_TESTABILITY = YES;
				GCC_C_LANGUAGE_STANDARD = gnu11;
				GCC_DYNAMIC_NO_PIC = NO;
				GCC_NO_COMMON_BLOCKS = YES;
				GCC_OPTIMIZATION_LEVEL = 0;
				GCC_PREPROCESSOR_DEFINITIONS = (
					"DEBUG=1",
					"$(inherited)",
				);
				GCC_WARN_64_TO_32_BIT_CONVERSION = YES;
				GCC_WARN_ABOUT_RETURN_TYPE = YES_ERROR;
				GCC_WARN_UNDECLARED_SELECTOR = YES;
				GCC_WARN_UNINITIALIZED_AUTOS = YES_AGGRESSIVE;
				GCC_WARN_UNUSED_FUNCTION = YES;
				GCC_WARN_UNUSED_VARIABLE = YES;
				IPHONEOS_DEPLOYMENT_TARGET = 14.4;
				MTL_ENABLE_DEBUG_INFO = INCLUDE_SOURCE;
				MTL_FAST_MATH = YES;
				ONLY_ACTIVE_ARCH = YES;
				SDKROOT = iphoneos;
				SWIFT_ACTIVE_COMPILATION_CONDITIONS = DEBUG;
				SWIFT_OPTIMIZATION_LEVEL = "-Onone";
			};
			name = Debug;
		};
		7F45B3FE269D612600697FA7 /* Release */ = {
			isa = XCBuildConfiguration;
			buildSettings = {
				ALWAYS_SEARCH_USER_PATHS = NO;
				CLANG_ANALYZER_NONNULL = YES;
				CLANG_ANALYZER_NUMBER_OBJECT_CONVERSION = YES_AGGRESSIVE;
				CLANG_CXX_LANGUAGE_STANDARD = "gnu++14";
				CLANG_CXX_LIBRARY = "libc++";
				CLANG_ENABLE_MODULES = YES;
				CLANG_ENABLE_OBJC_ARC = YES;
				CLANG_ENABLE_OBJC_WEAK = YES;
				CLANG_WARN_BLOCK_CAPTURE_AUTORELEASING = YES;
				CLANG_WARN_BOOL_CONVERSION = YES;
				CLANG_WARN_COMMA = YES;
				CLANG_WARN_CONSTANT_CONVERSION = YES;
				CLANG_WARN_DEPRECATED_OBJC_IMPLEMENTATIONS = YES;
				CLANG_WARN_DIRECT_OBJC_ISA_USAGE = YES_ERROR;
				CLANG_WARN_DOCUMENTATION_COMMENTS = YES;
				CLANG_WARN_EMPTY_BODY = YES;
				CLANG_WARN_ENUM_CONVERSION = YES;
				CLANG_WARN_INFINITE_RECURSION = YES;
				CLANG_WARN_INT_CONVERSION = YES;
				CLANG_WARN_NON_LITERAL_NULL_CONVERSION = YES;
				CLANG_WARN_OBJC_IMPLICIT_RETAIN_SELF = YES;
				CLANG_WARN_OBJC_LITERAL_CONVERSION = YES;
				CLANG_WARN_OBJC_ROOT_CLASS = YES_ERROR;
				CLANG_WARN_QUOTED_INCLUDE_IN_FRAMEWORK_HEADER = YES;
				CLANG_WARN_RANGE_LOOP_ANALYSIS = YES;
				CLANG_WARN_STRICT_PROTOTYPES = YES;
				CLANG_WARN_SUSPICIOUS_MOVE = YES;
				CLANG_WARN_UNGUARDED_AVAILABILITY = YES_AGGRESSIVE;
				CLANG_WARN_UNREACHABLE_CODE = YES;
				CLANG_WARN__DUPLICATE_METHOD_MATCH = YES;
				COPY_PHASE_STRIP = NO;
				DEBUG_INFORMATION_FORMAT = "dwarf-with-dsym";
				ENABLE_NS_ASSERTIONS = NO;
				ENABLE_STRICT_OBJC_MSGSEND = YES;
				GCC_C_LANGUAGE_STANDARD = gnu11;
				GCC_NO_COMMON_BLOCKS = YES;
				GCC_WARN_64_TO_32_BIT_CONVERSION = YES;
				GCC_WARN_ABOUT_RETURN_TYPE = YES_ERROR;
				GCC_WARN_UNDECLARED_SELECTOR = YES;
				GCC_WARN_UNINITIALIZED_AUTOS = YES_AGGRESSIVE;
				GCC_WARN_UNUSED_FUNCTION = YES;
				GCC_WARN_UNUSED_VARIABLE = YES;
				IPHONEOS_DEPLOYMENT_TARGET = 14.4;
				MTL_ENABLE_DEBUG_INFO = NO;
				MTL_FAST_MATH = YES;
				SDKROOT = iphoneos;
				SWIFT_COMPILATION_MODE = wholemodule;
				SWIFT_OPTIMIZATION_LEVEL = "-O";
				VALIDATE_PRODUCT = YES;
			};
			name = Release;
		};
		7F45B400269D612600697FA7 /* Debug */ = {
			isa = XCBuildConfiguration;
			buildSettings = {
				ASSETCATALOG_COMPILER_APPICON_NAME = AppIcon;
				ASSETCATALOG_COMPILER_GLOBAL_ACCENT_COLOR_NAME = AccentColor;
				CODE_SIGN_STYLE = Automatic;
				DEVELOPMENT_TEAM = DZ427MCGG7;
				INFOPLIST_FILE = APIDataAlamofire/Info.plist;
				LD_RUNPATH_SEARCH_PATHS = (
					"$(inherited)",
					"@executable_path/Frameworks",
				);
				PRODUCT_BUNDLE_IDENTIFIER = com.devAngelo.APIDataAlamofire;
				PRODUCT_NAME = "$(TARGET_NAME)";
				SWIFT_VERSION = 5.0;
				TARGETED_DEVICE_FAMILY = "1,2";
			};
			name = Debug;
		};
		7F45B401269D612600697FA7 /* Release */ = {
			isa = XCBuildConfiguration;
			buildSettings = {
				ASSETCATALOG_COMPILER_APPICON_NAME = AppIcon;
				ASSETCATALOG_COMPILER_GLOBAL_ACCENT_COLOR_NAME = AccentColor;
				CODE_SIGN_STYLE = Automatic;
				DEVELOPMENT_TEAM = DZ427MCGG7;
				INFOPLIST_FILE = APIDataAlamofire/Info.plist;
				LD_RUNPATH_SEARCH_PATHS = (
					"$(inherited)",
					"@executable_path/Frameworks",
				);
				PRODUCT_BUNDLE_IDENTIFIER = com.devAngelo.APIDataAlamofire;
				PRODUCT_NAME = "$(TARGET_NAME)";
				SWIFT_VERSION = 5.0;
				TARGETED_DEVICE_FAMILY = "1,2";
			};
			name = Release;
		};
		7F45B403269D612600697FA7 /* Debug */ = {
			isa = XCBuildConfiguration;
			buildSettings = {
				ALWAYS_EMBED_SWIFT_STANDARD_LIBRARIES = YES;
				BUNDLE_LOADER = "$(TEST_HOST)";
				CODE_SIGN_STYLE = Automatic;
				DEVELOPMENT_TEAM = DZ427MCGG7;
				INFOPLIST_FILE = APIDataAlamofireTests/Info.plist;
				IPHONEOS_DEPLOYMENT_TARGET = 14.4;
				LD_RUNPATH_SEARCH_PATHS = (
					"$(inherited)",
					"@executable_path/Frameworks",
					"@loader_path/Frameworks",
				);
				PRODUCT_BUNDLE_IDENTIFIER = com.devAngelo.APIDataAlamofireTests;
				PRODUCT_NAME = "$(TARGET_NAME)";
				SWIFT_VERSION = 5.0;
				TARGETED_DEVICE_FAMILY = "1,2";
				TEST_HOST = "$(BUILT_PRODUCTS_DIR)/APIDataAlamofire.app/APIDataAlamofire";
			};
			name = Debug;
		};
		7F45B404269D612600697FA7 /* Release */ = {
			isa = XCBuildConfiguration;
			buildSettings = {
				ALWAYS_EMBED_SWIFT_STANDARD_LIBRARIES = YES;
				BUNDLE_LOADER = "$(TEST_HOST)";
				CODE_SIGN_STYLE = Automatic;
				DEVELOPMENT_TEAM = DZ427MCGG7;
				INFOPLIST_FILE = APIDataAlamofireTests/Info.plist;
				IPHONEOS_DEPLOYMENT_TARGET = 14.4;
				LD_RUNPATH_SEARCH_PATHS = (
					"$(inherited)",
					"@executable_path/Frameworks",
					"@loader_path/Frameworks",
				);
				PRODUCT_BUNDLE_IDENTIFIER = com.devAngelo.APIDataAlamofireTests;
				PRODUCT_NAME = "$(TARGET_NAME)";
				SWIFT_VERSION = 5.0;
				TARGETED_DEVICE_FAMILY = "1,2";
				TEST_HOST = "$(BUILT_PRODUCTS_DIR)/APIDataAlamofire.app/APIDataAlamofire";
			};
			name = Release;
		};
		7F45B406269D612600697FA7 /* Debug */ = {
			isa = XCBuildConfiguration;
			buildSettings = {
				ALWAYS_EMBED_SWIFT_STANDARD_LIBRARIES = YES;
				CODE_SIGN_STYLE = Automatic;
				DEVELOPMENT_TEAM = DZ427MCGG7;
				INFOPLIST_FILE = APIDataAlamofireUITests/Info.plist;
				LD_RUNPATH_SEARCH_PATHS = (
					"$(inherited)",
					"@executable_path/Frameworks",
					"@loader_path/Frameworks",
				);
				PRODUCT_BUNDLE_IDENTIFIER = com.devAngelo.APIDataAlamofireUITests;
				PRODUCT_NAME = "$(TARGET_NAME)";
				SWIFT_VERSION = 5.0;
				TARGETED_DEVICE_FAMILY = "1,2";
				TEST_TARGET_NAME = APIDataAlamofire;
			};
			name = Debug;
		};
		7F45B407269D612600697FA7 /* Release */ = {
			isa = XCBuildConfiguration;
			buildSettings = {
				ALWAYS_EMBED_SWIFT_STANDARD_LIBRARIES = YES;
				CODE_SIGN_STYLE = Automatic;
				DEVELOPMENT_TEAM = DZ427MCGG7;
				INFOPLIST_FILE = APIDataAlamofireUITests/Info.plist;
				LD_RUNPATH_SEARCH_PATHS = (
					"$(inherited)",
					"@executable_path/Frameworks",
					"@loader_path/Frameworks",
				);
				PRODUCT_BUNDLE_IDENTIFIER = com.devAngelo.APIDataAlamofireUITests;
				PRODUCT_NAME = "$(TARGET_NAME)";
				SWIFT_VERSION = 5.0;
				TARGETED_DEVICE_FAMILY = "1,2";
				TEST_TARGET_NAME = APIDataAlamofire;
			};
			name = Release;
		};
/* End XCBuildConfiguration section */

/* Begin XCConfigurationList section */
		7F45B3D0269D610E00697FA7 /* Build configuration list for PBXProject "APIDataAlamofire" */ = {
			isa = XCConfigurationList;
			buildConfigurations = (
				7F45B3FD269D612600697FA7 /* Debug */,
				7F45B3FE269D612600697FA7 /* Release */,
			);
			defaultConfigurationIsVisible = 0;
			defaultConfigurationName = Release;
		};
		7F45B3FF269D612600697FA7 /* Build configuration list for PBXNativeTarget "APIDataAlamofire" */ = {
			isa = XCConfigurationList;
			buildConfigurations = (
				7F45B400269D612600697FA7 /* Debug */,
				7F45B401269D612600697FA7 /* Release */,
			);
			defaultConfigurationIsVisible = 0;
			defaultConfigurationName = Release;
		};
		7F45B402269D612600697FA7 /* Build configuration list for PBXNativeTarget "APIDataAlamofireTests" */ = {
			isa = XCConfigurationList;
			buildConfigurations = (
				7F45B403269D612600697FA7 /* Debug */,
				7F45B404269D612600697FA7 /* Release */,
			);
			defaultConfigurationIsVisible = 0;
			defaultConfigurationName = Release;
		};
		7F45B405269D612600697FA7 /* Build configuration list for PBXNativeTarget "APIDataAlamofireUITests" */ = {
			isa = XCConfigurationList;
			buildConfigurations = (
				7F45B406269D612600697FA7 /* Debug */,
				7F45B407269D612600697FA7 /* Release */,
			);
			defaultConfigurationIsVisible = 0;
			defaultConfigurationName = Release;
		};
/* End XCConfigurationList section */
	};
	rootObject = 7F45B3CD269D610E00697FA7 /* Project object */;
}
